
Microsoft Visual Studio Solution File, Format Version 12.00
# Visual Studio Version 17
VisualStudioVersion = 17.6.33723.286
MinimumVisualStudioVersion = 10.0.40219.1
Project("{2150E333-8FDC-42A3-9474-1A3956D46DE8}") = "src", "src", "{382BDE89-6DAD-49E4-904F-BC349BE738AE}"
EndProject
Project("{2150E333-8FDC-42A3-9474-1A3956D46DE8}") = "Core", "Core", "{F50FDC85-625C-4E9F-9D44-D38E26EEE914}"
EndProject
Project("{2150E333-8FDC-42A3-9474-1A3956D46DE8}") = "Infrastructure", "Infrastructure", "{D3BAC843-44B9-4298-9159-192846ECCEA4}"
EndProject
Project("{2150E333-8FDC-42A3-9474-1A3956D46DE8}") = "Hosting", "Hosting", "{D09C9C2D-AF03-4C5A-AC00-8D69EB1F0712}"
EndProject
Project("{9A19103F-16F7-4668-BE54-9A1E7A4F7556}") = "CoreLib", "CoreLib\CoreLib.csproj", "{B5AF002F-F740-4E23-A7CA-37A05DB046B0}"
EndProject
Project("{9A19103F-16F7-4668-BE54-9A1E7A4F7556}") = "DataServiceLib", "DataServiceLib\DataServiceLib.csproj", "{678768BE-541A-4A26-8A21-1E89C1A927C2}"
EndProject
Project("{9A19103F-16F7-4668-BE54-9A1E7A4F7556}") = "CommonLib", "CommonLib\CommonLib.csproj", "{BF488619-3488-4EBE-BFC0-6E729168595F}"
EndProject
Project("{9A19103F-16F7-4668-BE54-9A1E7A4F7556}") = "TrainningDotNetCore", "TrainningDotNetCore\TrainningDotNetCore.csproj", "{A3F7AF30-F00F-4422-A2EF-971C9071BEF3}"
EndProject
Project("{2150E333-8FDC-42A3-9474-1A3956D46DE8}") = "API", "API", "{16639A68-CA90-4737-88EC-D9D093C54366}"
EndProject
Project("{9A19103F-16F7-4668-BE54-9A1E7A4F7556}") = "APIProduct", "APIProduct\APIProduct.csproj", "{A96880F7-FD86-423A-AB7D-6180F916D980}"
EndProject
Project("{2150E333-8FDC-42A3-9474-1A3956D46DE8}") = "CallAPI", "CallAPI", "{2496B66C-0C33-40F1-AC43-841EFDA8F9DF}"
EndProject
Project("{9A19103F-16F7-4668-BE54-9A1E7A4F7556}") = "ViewCallAPI", "ViewCallAPI\ViewCallAPI.csproj", "{F67FA861-FDDA-49E4-88B5-0F4234E3E2C5}"
EndProject
Global
	GlobalSection(SolutionConfigurationPlatforms) = preSolution
		Debug|Any CPU = Debug|Any CPU
		Release|Any CPU = Release|Any CPU
	EndGlobalSection
	GlobalSection(ProjectConfigurationPlatforms) = postSolution
		{B5AF002F-F740-4E23-A7CA-37A05DB046B0}.Debug|Any CPU.ActiveCfg = Debug|Any CPU
		{B5AF002F-F740-4E23-A7CA-37A05DB046B0}.Debug|Any CPU.Build.0 = Debug|Any CPU
		{B5AF002F-F740-4E23-A7CA-37A05DB046B0}.Release|Any CPU.ActiveCfg = Release|Any CPU
		{B5AF002F-F740-4E23-A7CA-37A05DB046B0}.Release|Any CPU.Build.0 = Release|Any CPU
		{678768BE-541A-4A26-8A21-1E89C1A927C2}.Debug|Any CPU.ActiveCfg = Debug|Any CPU
		{678768BE-541A-4A26-8A21-1E89C1A927C2}.Debug|Any CPU.Build.0 = Debug|Any CPU
		{678768BE-541A-4A26-8A21-1E89C1A927C2}.Release|Any CPU.ActiveCfg = Release|Any CPU
		{678768BE-541A-4A26-8A21-1E89C1A927C2}.Release|Any CPU.Build.0 = Release|Any CPU
		{BF488619-3488-4EBE-BFC0-6E729168595F}.Debug|Any CPU.ActiveCfg = Debug|Any CPU
		{BF488619-3488-4EBE-BFC0-6E729168595F}.Debug|Any CPU.Build.0 = Debug|Any CPU
		{BF488619-3488-4EBE-BFC0-6E729168595F}.Release|Any CPU.ActiveCfg = Release|Any CPU
		{BF488619-3488-4EBE-BFC0-6E729168595F}.Release|Any CPU.Build.0 = Release|Any CPU
		{A3F7AF30-F00F-4422-A2EF-971C9071BEF3}.Debug|Any CPU.ActiveCfg = Debug|Any CPU
		{A3F7AF30-F00F-4422-A2EF-971C9071BEF3}.Debug|Any CPU.Build.0 = Debug|Any CPU
		{A3F7AF30-F00F-4422-A2EF-971C9071BEF3}.Release|Any CPU.ActiveCfg = Release|Any CPU
		{A3F7AF30-F00F-4422-A2EF-971C9071BEF3}.Release|Any CPU.Build.0 = Release|Any CPU
		{A96880F7-FD86-423A-AB7D-6180F916D980}.Debug|Any CPU.ActiveCfg = Debug|Any CPU
		{A96880F7-FD86-423A-AB7D-6180F916D980}.Debug|Any CPU.Build.0 = Debug|Any CPU
		{A96880F7-FD86-423A-AB7D-6180F916D980}.Release|Any CPU.ActiveCfg = Release|Any CPU
		{A96880F7-FD86-423A-AB7D-6180F916D980}.Release|Any CPU.Build.0 = Release|Any CPU
		{F67FA861-FDDA-49E4-88B5-0F4234E3E2C5}.Debug|Any CPU.ActiveCfg = Debug|Any CPU
		{F67FA861-FDDA-49E4-88B5-0F4234E3E2C5}.Debug|Any CPU.Build.0 = Debug|Any CPU
		{F67FA861-FDDA-49E4-88B5-0F4234E3E2C5}.Release|Any CPU.ActiveCfg = Release|Any CPU
		{F67FA861-FDDA-49E4-88B5-0F4234E3E2C5}.Release|Any CPU.Build.0 = Release|Any CPU
	EndGlobalSection
	GlobalSection(SolutionProperties) = preSolution
		HideSolutionNode = FALSE
	EndGlobalSection
	GlobalSection(NestedProjects) = preSolution
		{F50FDC85-625C-4E9F-9D44-D38E26EEE914} = {382BDE89-6DAD-49E4-904F-BC349BE738AE}
		{D3BAC843-44B9-4298-9159-192846ECCEA4} = {382BDE89-6DAD-49E4-904F-BC349BE738AE}
		{D09C9C2D-AF03-4C5A-AC00-8D69EB1F0712} = {382BDE89-6DAD-49E4-904F-BC349BE738AE}
		{B5AF002F-F740-4E23-A7CA-37A05DB046B0} = {F50FDC85-625C-4E9F-9D44-D38E26EEE914}
		{678768BE-541A-4A26-8A21-1E89C1A927C2} = {D3BAC843-44B9-4298-9159-192846ECCEA4}
		{BF488619-3488-4EBE-BFC0-6E729168595F} = {D3BAC843-44B9-4298-9159-192846ECCEA4}
		{A3F7AF30-F00F-4422-A2EF-971C9071BEF3} = {D09C9C2D-AF03-4C5A-AC00-8D69EB1F0712}
		{16639A68-CA90-4737-88EC-D9D093C54366} = {382BDE89-6DAD-49E4-904F-BC349BE738AE}
		{A96880F7-FD86-423A-AB7D-6180F916D980} = {16639A68-CA90-4737-88EC-D9D093C54366}
		{2496B66C-0C33-40F1-AC43-841EFDA8F9DF} = {382BDE89-6DAD-49E4-904F-BC349BE738AE}
		{F67FA861-FDDA-49E4-88B5-0F4234E3E2C5} = {2496B66C-0C33-40F1-AC43-841EFDA8F9DF}
	EndGlobalSection
	GlobalSection(ExtensibilityGlobals) = postSolution
		SolutionGuid = {A74F5727-FB19-4FCD-AAD7-F8A10D5FB0ED}
	EndGlobalSection
EndGlobal
