{
  "name": "jquery",
  "version": "3.3.1",
  "lockfileVersion": 1,
  "requires": true,
  "dependencies": {
    "jquery-offcanvas": {
      "version": "3.4.7",
      "resolved": "https://registry.npmjs.org/jquery-offcanvas/-/jquery-offcanvas-3.4.7.tgz",
      "integrity": "sha1-3eH0kvWQT/dr3Zi6QvHlFPpS7XA="
    }
  }
}
